// !$*UTF8*$!
{
	archiveVersion = 1;
	classes = {
	};
	objectVersion = 46;
	objects = {

/* Begin PBXBuildFile section */
		045C15681D15B7B000C72E3B /* structsProj1.cpp in Sources */ = {isa = PBXBuildFile; fileRef = 045C15611D15B7B000C72E3B /* structsProj1.cpp */; };
		045C15691D15B7B000C72E3B /* assignment.cpp in Sources */ = {isa = PBXBuildFile; fileRef = 045C15671D15B7B000C72E3B /* assignment.cpp */; };
/* End PBXBuildFile section */

/* Begin PBXCopyFilesBuildPhase section */
		0458F5E51D1252D5009776BB /* CopyFiles */ = {
			isa = PBXCopyFilesBuildPhase;
			buildActionMask = 2147483647;
			dstPath = /usr/share/man/man1/;
			dstSubfolderSpec = 0;
			files = (
			);
			runOnlyForDeploymentPostprocessing = 1;
		};
/* End PBXCopyFilesBuildPhase section */

/* Begin PBXFileReference section */
		0458F5E71D1252D5009776BB /* dataone */ = {isa = PBXFileReference; explicitFileType = "compiled.mach-o.executable"; includeInIndex = 0; path = dataone; sourceTree = BUILT_PRODUCTS_DIR; };
		045C15611D15B7B000C72E3B /* structsProj1.cpp */ = {isa = PBXFileReference; fileEncoding = 4; lastKnownFileType = sourcecode.cpp.cpp; path = structsProj1.cpp; sourceTree = "<group>"; };
		045C15621D15B7B000C72E3B /* StringTokenizer.h */ = {isa = PBXFileReference; fileEncoding = 4; lastKnownFileType = sourcecode.c.h; path = StringTokenizer.h; sourceTree = "<group>"; };
		045C15631D15B7B000C72E3B /* Date.h */ = {isa = PBXFileReference; fileEncoding = 4; lastKnownFileType = sourcecode.c.h; path = Date.h; sourceTree = "<group>"; };
		045C15651D15B7B000C72E3B /* assignment.txt */ = {isa = PBXFileReference; fileEncoding = 4; lastKnownFileType = text; path = assignment.txt; sourceTree = "<group>"; };
		045C15661D15B7B000C72E3B /* assignment.h */ = {isa = PBXFileReference; fileEncoding = 4; lastKnownFileType = sourcecode.c.h; path = assignment.h; sourceTree = "<group>"; };
		045C15671D15B7B000C72E3B /* assignment.cpp */ = {isa = PBXFileReference; fileEncoding = 4; lastKnownFileType = sourcecode.cpp.cpp; path = assignment.cpp; sourceTree = "<group>"; };
/* End PBXFileReference section */

/* Begin PBXFrameworksBuildPhase section */
		0458F5E41D1252D5009776BB /* Frameworks */ = {
			isa = PBXFrameworksBuildPhase;
			buildActionMask = 2147483647;
			files = (
			);
			runOnlyForDeploymentPostprocessing = 0;
		};
/* End PBXFrameworksBuildPhase section */

/* Begin PBXGroup section */
		0458F5DE1D1252D5009776BB = {
			isa = PBXGroup;
			children = (
				045C15611D15B7B000C72E3B /* structsProj1.cpp */,
				045C15621D15B7B000C72E3B /* StringTokenizer.h */,
				045C15631D15B7B000C72E3B /* Date.h */,
				045C15651D15B7B000C72E3B /* assignment.txt */,
				045C15661D15B7B000C72E3B /* assignment.h */,
				045C15671D15B7B000C72E3B /* assignment.cpp */,
				0458F5E81D1252D5009776BB /* Products */,
			);
			sourceTree = "<group>";
		};
		0458F5E81D1252D5009776BB /* Products */ = {
			isa = PBXGroup;
			children = (
				0458F5E71D1252D5009776BB /* dataone */,
			);
			name = Products;
			sourceTree = "<group>";
		};
/* End PBXGroup section */

/* Begin PBXNativeTarget section */
		0458F5E61D1252D5009776BB /* dataone */ = {
			isa = PBXNativeTarget;
			buildConfigurationList = 0458F5EE1D1252D5009776BB /* Build configuration list for PBXNativeTarget "dataone" */;
			buildPhases = (
				0458F5E31D1252D5009776BB /* Sources */,
				0458F5E41D1252D5009776BB /* Frameworks */,
				0458F5E51D1252D5009776BB /* CopyFiles */,
			);
			buildRules = (
			);
			dependencies = (
			);
			name = dataone;
			productName = dataone;
			productReference = 0458F5E71D1252D5009776BB /* dataone */;
			productType = "com.apple.product-type.tool";
		};
/* End PBXNativeTarget section */

/* Begin PBXProject section */
		0458F5DF1D1252D5009776BB /* Project object */ = {
			isa = PBXProject;
			attributes = {
				LastUpgradeCheck = 0730;
				ORGANIZATIONNAME = JohnGoza;
				TargetAttributes = {
					0458F5E61D1252D5009776BB = {
						CreatedOnToolsVersion = 7.3.1;
					};
				};
			};
			buildConfigurationList = 0458F5E21D1252D5009776BB /* Build configuration list for PBXProject "dataone" */;
			compatibilityVersion = "Xcode 3.2";
			developmentRegion = English;
			hasScannedForEncodings = 0;
			knownRegions = (
				en,
			);
			mainGroup = 0458F5DE1D1252D5009776BB;
			productRefGroup = 0458F5E81D1252D5009776BB /* Products */;
			projectDirPath = "";
			projectRoot = "";
			targets = (
				0458F5E61D1252D5009776BB /* dataone */,
			);
		};
/* End PBXProject section */

/* Begin PBXSourcesBuildPhase section */
		0458F5E31D1252D5009776BB /* Sources */ = {
			isa = PBXSourcesBuildPhase;
			buildActionMask = 2147483647;
			files = (
				045C15691D15B7B000C72E3B /* assignment.cpp in Sources */,
				045C15681D15B7B000C72E3B /* structsProj1.cpp in Sources */,
			);
			runOnlyForDeploymentPostprocessing = 0;
		};
/* End PBXSourcesBuildPhase section */

/* Begin XCBuildConfiguration section */
		0458F5EC1D1252D5009776BB /* Debug */ = {
			isa = XCBuildConfiguration;
			buildSettings = {
				ALWAYS_SEARCH_USER_PATHS = NO;
				CLANG_ANALYZER_NONNULL = YES;
				CLANG_CXX_LANGUAGE_STANDARD = "gnu++0x";
				CLANG_CXX_LIBRARY = "libc++";
				CLANG_ENABLE_MODULES = YES;
				CLANG_ENABLE_OBJC_ARC = YES;
				CLANG_WARN_BOOL_CONVERSION = YES;
				CLANG_WARN_CONSTANT_CONVERSION = YES;
				CLANG_WARN_DIRECT_OBJC_ISA_USAGE = YES_ERROR;
				CLANG_WARN_EMPTY_BODY = YES;
				CLANG_WARN_ENUM_CONVERSION = YES;
				CLANG_WARN_INT_CONVERSION = YES;
				CLANG_WARN_OBJC_ROOT_CLASS = YES_ERROR;
				CLANG_WARN_UNREACHABLE_CODE = YES;
				CLANG_WARN__DUPLICATE_METHOD_MATCH = YES;
				CODE_SIGN_IDENTITY = "-";
				COPY_PHASE_STRIP = NO;
				DEBUG_INFORMATION_FORMAT = dwarf;
				ENABLE_STRICT_OBJC_MSGSEND = YES;
				ENABLE_TESTABILITY = YES;
				GCC_C_LANGUAGE_STANDARD = gnu99;
				GCC_DYNAMIC_NO_PIC = NO;
				GCC_NO_COMMON_BLOCKS = YES;
				GCC_OPTIMIZATION_LEVEL = 0;
				GCC_PREPROCESSOR_DEFINITIONS = (
					"DEBUG=1",
					"$(inherited)",
				);
				GCC_WARN_64_TO_32_BIT_CONVERSION = YES;
				GCC_WARN_ABOUT_RETURN_TYPE = YES_ERROR;
				GCC_WARN_UNDECLARED_SELECTOR = YES;
				GCC_WARN_UNINITIALIZED_AUTOS = YES_AGGRESSIVE;
				GCC_WARN_UNUSED_FUNCTION = YES;
				GCC_WARN_UNUSED_VARIABLE = YES;
				MACOSX_DEPLOYMENT_TARGET = 10.11;
				MTL_ENABLE_DEBUG_INFO = YES;
				ONLY_ACTIVE_ARCH = YES;
				SDKROOT = macosx;
			};
			name = Debug;
		};
		0458F5ED1D1252D5009776BB /* Release */ = {
			isa = XCBuildConfiguration;
			buildSettings = {
				ALWAYS_SEARCH_USER_PATHS = NO;
				CLANG_ANALYZER_NONNULL = YES;
				CLANG_CXX_LANGUAGE_STANDARD = "gnu++0x";
				CLANG_CXX_LIBRARY = "libc++";
				CLANG_ENABLE_MODULES = YES;
				CLANG_ENABLE_OBJC_ARC = YES;
				CLANG_WARN_BOOL_CONVERSION = YES;
				CLANG_WARN_CONSTANT_CONVERSION = YES;
				CLANG_WARN_DIRECT_OBJC_ISA_USAGE = YES_ERROR;
				CLANG_WARN_EMPTY_BODY = YES;
				CLANG_WARN_ENUM_CONVERSION = YES;
				CLANG_WARN_INT_CONVERSION = YES;
				CLANG_WARN_OBJC_ROOT_CLASS = YES_ERROR;
				CLANG_WARN_UNREACHABLE_CODE = YES;
				CLANG_WARN__DUPLICATE_METHOD_MATCH = YES;
				CODE_SIGN_IDENTITY = "-";
				COPY_PHASE_STRIP = NO;
				DEBUG_INFORMATION_FORMAT = "dwarf-with-dsym";
				ENABLE_NS_ASSERTIONS = NO;
				ENABLE_STRICT_OBJC_MSGSEND = YES;
				GCC_C_LANGUAGE_STANDARD = gnu99;
				GCC_NO_COMMON_BLOCKS = YES;
				GCC_WARN_64_TO_32_BIT_CONVERSION = YES;
				GCC_WARN_ABOUT_RETURN_TYPE = YES_ERROR;
				GCC_WARN_UNDECLARED_SELECTOR = YES;
				GCC_WARN_UNINITIALIZED_AUTOS = YES_AGGRESSIVE;
				GCC_WARN_UNUSED_FUNCTION = YES;
				GCC_WARN_UNUSED_VARIABLE = YES;
				MACOSX_DEPLOYMENT_TARGET = 10.11;
				MTL_ENABLE_DEBUG_INFO = NO;
				SDKROOT = macosx;
			};
			name = Release;
		};
		0458F5EF1D1252D5009776BB /* Debug */ = {
			isa = XCBuildConfiguration;
			buildSettings = {
				PRODUCT_NAME = "$(TARGET_NAME)";
			};
			name = Debug;
		};
		0458F5F01D1252D5009776BB /* Release */ = {
			isa = XCBuildConfiguration;
			buildSettings = {
				PRODUCT_NAME = "$(TARGET_NAME)";
			};
			name = Release;
		};
/* End XCBuildConfiguration section */

/* Begin XCConfigurationList section */
		0458F5E21D1252D5009776BB /* Build configuration list for PBXProject "dataone" */ = {
			isa = XCConfigurationList;
			buildConfigurations = (
				0458F5EC1D1252D5009776BB /* Debug */,
				0458F5ED1D1252D5009776BB /* Release */,
			);
			defaultConfigurationIsVisible = 0;
			defaultConfigurationName = Release;
		};
		0458F5EE1D1252D5009776BB /* Build configuration list for PBXNativeTarget "dataone" */ = {
			isa = XCConfigurationList;
			buildConfigurations = (
				0458F5EF1D1252D5009776BB /* Debug */,
				0458F5F01D1252D5009776BB /* Release */,
			);
			defaultConfigurationIsVisible = 0;
			defaultConfigurationName = Release;
		};
/* End XCConfigurationList section */
	};
	rootObject = 0458F5DF1D1252D5009776BB /* Project object */;
}
